// !$*UTF8*$!
{
	archiveVersion = 1;
	classes = {
	};
	objectVersion = 50;
	objects = {

/* Begin PBXBuildFile section */
		69246EB62186AED30002783B /* AppDelegate.swift in Sources */ = {isa = PBXBuildFile; fileRef = 69246EB52186AED30002783B /* AppDelegate.swift */; };
		69246EB82186AED30002783B /* ViewController.swift in Sources */ = {isa = PBXBuildFile; fileRef = 69246EB72186AED30002783B /* ViewController.swift */; };
		69246EBB2186AED30002783B /* Main.storyboard in Resources */ = {isa = PBXBuildFile; fileRef = 69246EB92186AED30002783B /* Main.storyboard */; };
		69246EBD2186AED30002783B /* Assets.xcassets in Resources */ = {isa = PBXBuildFile; fileRef = 69246EBC2186AED30002783B /* Assets.xcassets */; };
		69246EC02186AED30002783B /* LaunchScreen.storyboard in Resources */ = {isa = PBXBuildFile; fileRef = 69246EBE2186AED30002783B /* LaunchScreen.storyboard */; };
		B51C0392545116E607E93CAC /* Pods_WebScraping_Kanna.framework in Frameworks */ = {isa = PBXBuildFile; fileRef = B20488ACBF3EE557744EE7D1 /* Pods_WebScraping_Kanna.framework */; };
/* End PBXBuildFile section */

/* Begin PBXFileReference section */
		3C84A30F79D98ABA29FC1ED5 /* Pods-WebScraping_Kanna.debug.xcconfig */ = {isa = PBXFileReference; includeInIndex = 1; lastKnownFileType = text.xcconfig; name = "Pods-WebScraping_Kanna.debug.xcconfig"; path = "Pods/Target Support Files/Pods-WebScraping_Kanna/Pods-WebScraping_Kanna.debug.xcconfig"; sourceTree = "<group>"; };
		69246EB22186AED30002783B /* WebScraping_Kanna.app */ = {isa = PBXFileReference; explicitFileType = wrapper.application; includeInIndex = 0; path = WebScraping_Kanna.app; sourceTree = BUILT_PRODUCTS_DIR; };
		69246EB52186AED30002783B /* AppDelegate.swift */ = {isa = PBXFileReference; lastKnownFileType = sourcecode.swift; path = AppDelegate.swift; sourceTree = "<group>"; };
		69246EB72186AED30002783B /* ViewController.swift */ = {isa = PBXFileReference; lastKnownFileType = sourcecode.swift; path = ViewController.swift; sourceTree = "<group>"; };
		69246EBA2186AED30002783B /* Base */ = {isa = PBXFileReference; lastKnownFileType = file.storyboard; name = Base; path = Base.lproj/Main.storyboard; sourceTree = "<group>"; };
		69246EBC2186AED30002783B /* Assets.xcassets */ = {isa = PBXFileReference; lastKnownFileType = folder.assetcatalog; path = Assets.xcassets; sourceTree = "<group>"; };
		69246EBF2186AED30002783B /* Base */ = {isa = PBXFileReference; lastKnownFileType = file.storyboard; name = Base; path = Base.lproj/LaunchScreen.storyboard; sourceTree = "<group>"; };
		69246EC12186AED30002783B /* Info.plist */ = {isa = PBXFileReference; lastKnownFileType = text.plist.xml; path = Info.plist; sourceTree = "<group>"; };
		B20488ACBF3EE557744EE7D1 /* Pods_WebScraping_Kanna.framework */ = {isa = PBXFileReference; explicitFileType = wrapper.framework; includeInIndex = 0; path = Pods_WebScraping_Kanna.framework; sourceTree = BUILT_PRODUCTS_DIR; };
		E53EBEEDABB17356DC4DEEB0 /* Pods-WebScraping_Kanna.release.xcconfig */ = {isa = PBXFileReference; includeInIndex = 1; lastKnownFileType = text.xcconfig; name = "Pods-WebScraping_Kanna.release.xcconfig"; path = "Pods/Target Support Files/Pods-WebScraping_Kanna/Pods-WebScraping_Kanna.release.xcconfig"; sourceTree = "<group>"; };
/* End PBXFileReference section */

/* Begin PBXFrameworksBuildPhase section */
		69246EAF2186AED30002783B /* Frameworks */ = {
			isa = PBXFrameworksBuildPhase;
			buildActionMask = 2147483647;
			files = (
				B51C0392545116E607E93CAC /* Pods_WebScraping_Kanna.framework in Frameworks */,
			);
			runOnlyForDeploymentPostprocessing = 0;
		};
/* End PBXFrameworksBuildPhase section */

/* Begin PBXGroup section */
		2FB71227B578BECBB251C9EA /* Pods */ = {
			isa = PBXGroup;
			children = (
				3C84A30F79D98ABA29FC1ED5 /* Pods-WebScraping_Kanna.debug.xcconfig */,
				E53EBEEDABB17356DC4DEEB0 /* Pods-WebScraping_Kanna.release.xcconfig */,
			);
			name = Pods;
			sourceTree = "<group>";
		};
		61441C45497AACDE1602DDEA /* Frameworks */ = {
			isa = PBXGroup;
			children = (
				B20488ACBF3EE557744EE7D1 /* Pods_WebScraping_Kanna.framework */,
			);
			name = Frameworks;
			sourceTree = "<group>";
		};
		69246EA92186AED30002783B = {
			isa = PBXGroup;
			children = (
				69246EB42186AED30002783B /* WebScraping_Kanna */,
				69246EB32186AED30002783B /* Products */,
				2FB71227B578BECBB251C9EA /* Pods */,
				61441C45497AACDE1602DDEA /* Frameworks */,
			);
			sourceTree = "<group>";
		};
		69246EB32186AED30002783B /* Products */ = {
			isa = PBXGroup;
			children = (
				69246EB22186AED30002783B /* WebScraping_Kanna.app */,
			);
			name = Products;
			sourceTree = "<group>";
		};
		69246EB42186AED30002783B /* WebScraping_Kanna */ = {
			isa = PBXGroup;
			children = (
				69246EB52186AED30002783B /* AppDelegate.swift */,
				69246EB72186AED30002783B /* ViewController.swift */,
				69246EB92186AED30002783B /* Main.storyboard */,
				69246EBC2186AED30002783B /* Assets.xcassets */,
				69246EBE2186AED30002783B /* LaunchScreen.storyboard */,
				69246EC12186AED30002783B /* Info.plist */,
			);
			path = WebScraping_Kanna;
			sourceTree = "<group>";
		};
/* End PBXGroup section */

/* Begin PBXNativeTarget section */
		69246EB12186AED30002783B /* WebScraping_Kanna */ = {
			isa = PBXNativeTarget;
			buildConfigurationList = 69246EC42186AED30002783B /* Build configuration list for PBXNativeTarget "WebScraping_Kanna" */;
			buildPhases = (
				D7A064A82E75E37FDF0EC3E2 /* [CP] Check Pods Manifest.lock */,
				69246EAE2186AED30002783B /* Sources */,
				69246EAF2186AED30002783B /* Frameworks */,
				69246EB02186AED30002783B /* Resources */,
				31ED84474F8D593C6B20DF41 /* [CP] Embed Pods Frameworks */,
			);
			buildRules = (
			);
			dependencies = (
			);
			name = WebScraping_Kanna;
			productName = WebScraping_Kanna;
			productReference = 69246EB22186AED30002783B /* WebScraping_Kanna.app */;
			productType = "com.apple.product-type.application";
		};
/* End PBXNativeTarget section */

/* Begin PBXProject section */
		69246EAA2186AED30002783B /* Project object */ = {
			isa = PBXProject;
			attributes = {
				LastSwiftUpdateCheck = 1000;
				LastUpgradeCheck = 1000;
				ORGANIZATIONNAME = masato;
				TargetAttributes = {
					69246EB12186AED30002783B = {
						CreatedOnToolsVersion = 10.0;
					};
				};
			};
			buildConfigurationList = 69246EAD2186AED30002783B /* Build configuration list for PBXProject "WebScraping_Kanna" */;
			compatibilityVersion = "Xcode 9.3";
			developmentRegion = en;
			hasScannedForEncodings = 0;
			knownRegions = (
				en,
				Base,
			);
			mainGroup = 69246EA92186AED30002783B;
			productRefGroup = 69246EB32186AED30002783B /* Products */;
			projectDirPath = "";
			projectRoot = "";
			targets = (
				69246EB12186AED30002783B /* WebScraping_Kanna */,
			);
		};
/* End PBXProject section */

/* Begin PBXResourcesBuildPhase section */
		69246EB02186AED30002783B /* Resources */ = {
			isa = PBXResourcesBuildPhase;
			buildActionMask = 2147483647;
			files = (
				69246EC02186AED30002783B /* LaunchScreen.storyboard in Resources */,
				69246EBD2186AED30002783B /* Assets.xcassets in Resources */,
				69246EBB2186AED30002783B /* Main.storyboard in Resources */,
			);
			runOnlyForDeploymentPostprocessing = 0;
		};
/* End PBXResourcesBuildPhase section */

/* Begin PBXShellScriptBuildPhase section */
		31ED84474F8D593C6B20DF41 /* [CP] Embed Pods Frameworks */ = {
			isa = PBXShellScriptBuildPhase;
			buildActionMask = 2147483647;
			files = (
			);
			inputPaths = (
				"${SRCROOT}/Pods/Target Support Files/Pods-WebScraping_Kanna/Pods-WebScraping_Kanna-frameworks.sh",
				"${BUILT_PRODUCTS_DIR}/Alamofire/Alamofire.framework",
				"${BUILT_PRODUCTS_DIR}/Kanna/Kanna.framework",
			);
			name = "[CP] Embed Pods Frameworks";
			outputPaths = (
				"${TARGET_BUILD_DIR}/${FRAMEWORKS_FOLDER_PATH}/Alamofire.framework",
				"${TARGET_BUILD_DIR}/${FRAMEWORKS_FOLDER_PATH}/Kanna.framework",
			);
			runOnlyForDeploymentPostprocessing = 0;
			shellPath = /bin/sh;
			shellScript = "\"${SRCROOT}/Pods/Target Support Files/Pods-WebScraping_Kanna/Pods-WebScraping_Kanna-frameworks.sh\"\n";
			showEnvVarsInLog = 0;
		};
		D7A064A82E75E37FDF0EC3E2 /* [CP] Check Pods Manifest.lock */ = {
			isa = PBXShellScriptBuildPhase;
			buildActionMask = 2147483647;
			files = (
			);
			inputPaths = (
				"${PODS_PODFILE_DIR_PATH}/Podfile.lock",
				"${PODS_ROOT}/Manifest.lock",
			);
			name = "[CP] Check Pods Manifest.lock";
			outputPaths = (
				"$(DERIVED_FILE_DIR)/Pods-WebScraping_Kanna-checkManifestLockResult.txt",
			);
			runOnlyForDeploymentPostprocessing = 0;
			shellPath = /bin/sh;
			shellScript = "diff \"${PODS_PODFILE_DIR_PATH}/Podfile.lock\" \"${PODS_ROOT}/Manifest.lock\" > /dev/null\nif [ $? != 0 ] ; then\n    # print error to STDERR\n    echo \"error: The sandbox is not in sync with the Podfile.lock. Run 'pod install' or update your CocoaPods installation.\" >&2\n    exit 1\nfi\n# This output is used by Xcode 'outputs' to avoid re-running this script phase.\necho \"SUCCESS\" > \"${SCRIPT_OUTPUT_FILE_0}\"\n";
			showEnvVarsInLog = 0;
		};
/* End PBXShellScriptBuildPhase section */

/* Begin PBXSourcesBuildPhase section */
		69246EAE2186AED30002783B /* Sources */ = {
			isa = PBXSourcesBuildPhase;
			buildActionMask = 2147483647;
			files = (
				69246EB82186AED30002783B /* ViewController.swift in Sources */,
				69246EB62186AED30002783B /* AppDelegate.swift in Sources */,
			);
			runOnlyForDeploymentPostprocessing = 0;
		};
/* End PBXSourcesBuildPhase section */

/* Begin PBXVariantGroup section */
		69246EB92186AED30002783B /* Main.storyboard */ = {
			isa = PBXVariantGroup;
			children = (
				69246EBA2186AED30002783B /* Base */,
			);
			name = Main.storyboard;
			sourceTree = "<group>";
		};
		69246EBE2186AED30002783B /* LaunchScreen.storyboard */ = {
			isa = PBXVariantGroup;
			children = (
				69246EBF2186AED30002783B /* Base */,
			);
			name = LaunchScreen.storyboard;
			sourceTree = "<group>";
		};
/* End PBXVariantGroup section */

/* Begin XCBuildConfiguration section */
		69246EC22186AED30002783B /* Debug */ = {
			isa = XCBuildConfiguration;
			buildSettings = {
				ALWAYS_SEARCH_USER_PATHS = NO;
				CLANG_ANALYZER_NONNULL = YES;
				CLANG_ANALYZER_NUMBER_OBJECT_CONVERSION = YES_AGGRESSIVE;
				CLANG_CXX_LANGUAGE_STANDARD = "gnu++14";
				CLANG_CXX_LIBRARY = "libc++";
				CLANG_ENABLE_MODULES = YES;
				CLANG_ENABLE_OBJC_ARC = YES;
				CLANG_ENABLE_OBJC_WEAK = YES;
				CLANG_WARN_BLOCK_CAPTURE_AUTORELEASING = YES;
				CLANG_WARN_BOOL_CONVERSION = YES;
				CLANG_WARN_COMMA = YES;
				CLANG_WARN_CONSTANT_CONVERSION = YES;
				CLANG_WARN_DEPRECATED_OBJC_IMPLEMENTATIONS = YES;
				CLANG_WARN_DIRECT_OBJC_ISA_USAGE = YES_ERROR;
				CLANG_WARN_DOCUMENTATION_COMMENTS = YES;
				CLANG_WARN_EMPTY_BODY = YES;
				CLANG_WARN_ENUM_CONVERSION = YES;
				CLANG_WARN_INFINITE_RECURSION = YES;
				CLANG_WARN_INT_CONVERSION = YES;
				CLANG_WARN_NON_LITERAL_NULL_CONVERSION = YES;
				CLANG_WARN_OBJC_IMPLICIT_RETAIN_SELF = YES;
				CLANG_WARN_OBJC_LITERAL_CONVERSION = YES;
				CLANG_WARN_OBJC_ROOT_CLASS = YES_ERROR;
				CLANG_WARN_RANGE_LOOP_ANALYSIS = YES;
				CLANG_WARN_STRICT_PROTOTYPES = YES;
				CLANG_WARN_SUSPICIOUS_MOVE = YES;
				CLANG_WARN_UNGUARDED_AVAILABILITY = YES_AGGRESSIVE;
				CLANG_WARN_UNREACHABLE_CODE = YES;
				CLANG_WARN__DUPLICATE_METHOD_MATCH = YES;
				CODE_SIGN_IDENTITY = "iPhone Developer";
				COPY_PHASE_STRIP = NO;
				DEBUG_INFORMATION_FORMAT = dwarf;
				ENABLE_STRICT_OBJC_MSGSEND = YES;
				ENABLE_TESTABILITY = YES;
				GCC_C_LANGUAGE_STANDARD = gnu11;
				GCC_DYNAMIC_NO_PIC = NO;
				GCC_NO_COMMON_BLOCKS = YES;
				GCC_OPTIMIZATION_LEVEL = 0;
				GCC_PREPROCESSOR_DEFINITIONS = (
					"DEBUG=1",
					"$(inherited)",
				);
				GCC_WARN_64_TO_32_BIT_CONVERSION = YES;
				GCC_WARN_ABOUT_RETURN_TYPE = YES_ERROR;
				GCC_WARN_UNDECLARED_SELECTOR = YES;
				GCC_WARN_UNINITIALIZED_AUTOS = YES_AGGRESSIVE;
				GCC_WARN_UNUSED_FUNCTION = YES;
				GCC_WARN_UNUSED_VARIABLE = YES;
				IPHONEOS_DEPLOYMENT_TARGET = 12.0;
				MTL_ENABLE_DEBUG_INFO = INCLUDE_SOURCE;
				MTL_FAST_MATH = YES;
				ONLY_ACTIVE_ARCH = YES;
				SDKROOT = iphoneos;
				SWIFT_ACTIVE_COMPILATION_CONDITIONS = DEBUG;
				SWIFT_OPTIMIZATION_LEVEL = "-Onone";
			};
			name = Debug;
		};
		69246EC32186AED30002783B /* Release */ = {
			isa = XCBuildConfiguration;
			buildSettings = {
				ALWAYS_SEARCH_USER_PATHS = NO;
				CLANG_ANALYZER_NONNULL = YES;
				CLANG_ANALYZER_NUMBER_OBJECT_CONVERSION = YES_AGGRESSIVE;
				CLANG_CXX_LANGUAGE_STANDARD = "gnu++14";
				CLANG_CXX_LIBRARY = "libc++";
				CLANG_ENABLE_MODULES = YES;
				CLANG_ENABLE_OBJC_ARC = YES;
				CLANG_ENABLE_OBJC_WEAK = YES;
				CLANG_WARN_BLOCK_CAPTURE_AUTORELEASING = YES;
				CLANG_WARN_BOOL_CONVERSION = YES;
				CLANG_WARN_COMMA = YES;
				CLANG_WARN_CONSTANT_CONVERSION = YES;
				CLANG_WARN_DEPRECATED_OBJC_IMPLEMENTATIONS = YES;
				CLANG_WARN_DIRECT_OBJC_ISA_USAGE = YES_ERROR;
				CLANG_WARN_DOCUMENTATION_COMMENTS = YES;
				CLANG_WARN_EMPTY_BODY = YES;
				CLANG_WARN_ENUM_CONVERSION = YES;
				CLANG_WARN_INFINITE_RECURSION = YES;
				CLANG_WARN_INT_CONVERSION = YES;
				CLANG_WARN_NON_LITERAL_NULL_CONVERSION = YES;
				CLANG_WARN_OBJC_IMPLICIT_RETAIN_SELF = YES;
				CLANG_WARN_OBJC_LITERAL_CONVERSION = YES;
				CLANG_WARN_OBJC_ROOT_CLASS = YES_ERROR;
				CLANG_WARN_RANGE_LOOP_ANALYSIS = YES;
				CLANG_WARN_STRICT_PROTOTYPES = YES;
				CLANG_WARN_SUSPICIOUS_MOVE = YES;
				CLANG_WARN_UNGUARDED_AVAILABILITY = YES_AGGRESSIVE;
				CLANG_WARN_UNREACHABLE_CODE = YES;
				CLANG_WARN__DUPLICATE_METHOD_MATCH = YES;
				CODE_SIGN_IDENTITY = "iPhone Developer";
				COPY_PHASE_STRIP = NO;
				DEBUG_INFORMATION_FORMAT = "dwarf-with-dsym";
				ENABLE_NS_ASSERTIONS = NO;
				ENABLE_STRICT_OBJC_MSGSEND = YES;
				GCC_C_LANGUAGE_STANDARD = gnu11;
				GCC_NO_COMMON_BLOCKS = YES;
				GCC_WARN_64_TO_32_BIT_CONVERSION = YES;
				GCC_WARN_ABOUT_RETURN_TYPE = YES_ERROR;
				GCC_WARN_UNDECLARED_SELECTOR = YES;
				GCC_WARN_UNINITIALIZED_AUTOS = YES_AGGRESSIVE;
				GCC_WARN_UNUSED_FUNCTION = YES;
				GCC_WARN_UNUSED_VARIABLE = YES;
				IPHONEOS_DEPLOYMENT_TARGET = 12.0;
				MTL_ENABLE_DEBUG_INFO = NO;
				MTL_FAST_MATH = YES;
				SDKROOT = iphoneos;
				SWIFT_COMPILATION_MODE = wholemodule;
				SWIFT_OPTIMIZATION_LEVEL = "-O";
				VALIDATE_PRODUCT = YES;
			};
			name = Release;
		};
		69246EC52186AED30002783B /* Debug */ = {
			isa = XCBuildConfiguration;
			baseConfigurationReference = 3C84A30F79D98ABA29FC1ED5 /* Pods-WebScraping_Kanna.debug.xcconfig */;
			buildSettings = {
				ASSETCATALOG_COMPILER_APPICON_NAME = AppIcon;
				CODE_SIGN_STYLE = Automatic;
				INFOPLIST_FILE = WebScraping_Kanna/Info.plist;
				LD_RUNPATH_SEARCH_PATHS = (
					"$(inherited)",
					"@executable_path/Frameworks",
				);
				PRODUCT_BUNDLE_IDENTIFIER = "-gigmustor-medium.com-.WebScraping-Kanna";
				PRODUCT_NAME = "$(TARGET_NAME)";
				SWIFT_VERSION = 4.2;
				TARGETED_DEVICE_FAMILY = "1,2";
			};
			name = Debug;
		};
		69246EC62186AED30002783B /* Release */ = {
			isa = XCBuildConfiguration;
			baseConfigurationReference = E53EBEEDABB17356DC4DEEB0 /* Pods-WebScraping_Kanna.release.xcconfig */;
			buildSettings = {
				ASSETCATALOG_COMPILER_APPICON_NAME = AppIcon;
				CODE_SIGN_STYLE = Automatic;
				INFOPLIST_FILE = WebScraping_Kanna/Info.plist;
				LD_RUNPATH_SEARCH_PATHS = (
					"$(inherited)",
					"@executable_path/Frameworks",
				);
				PRODUCT_BUNDLE_IDENTIFIER = "-gigmustor-medium.com-.WebScraping-Kanna";
				PRODUCT_NAME = "$(TARGET_NAME)";
				SWIFT_VERSION = 4.2;
				TARGETED_DEVICE_FAMILY = "1,2";
			};
			name = Release;
		};
/* End XCBuildConfiguration section */

/* Begin XCConfigurationList section */
		69246EAD2186AED30002783B /* Build configuration list for PBXProject "WebScraping_Kanna" */ = {
			isa = XCConfigurationList;
			buildConfigurations = (
				69246EC22186AED30002783B /* Debug */,
				69246EC32186AED30002783B /* Release */,
			);
			defaultConfigurationIsVisible = 0;
			defaultConfigurationName = Release;
		};
		69246EC42186AED30002783B /* Build configuration list for PBXNativeTarget "WebScraping_Kanna" */ = {
			isa = XCConfigurationList;
			buildConfigurations = (
				69246EC52186AED30002783B /* Debug */,
				69246EC62186AED30002783B /* Release */,
			);
			defaultConfigurationIsVisible = 0;
			defaultConfigurationName = Release;
		};
/* End XCConfigurationList section */
	};
	rootObject = 69246EAA2186AED30002783B /* Project object */;
}
